
Microsoft Visual Studio Solution File, Format Version 12.00
# Visual Studio Version 17
VisualStudioVersion = 17.3.32519.111
MinimumVisualStudioVersion = 10.0.40219.1
Project("{9A19103F-16F7-4668-BE54-9A1E7A4F7556}") = "Dropbox.Api", "Dropbox.Api.csproj", "{4524FC9F-8028-48D3-B3C0-B991FE6AEC2B}"
EndProject
Global
	GlobalSection(SolutionConfigurationPlatforms) = preSolution
		Debug|Any CPU = Debug|Any CPU
		Release|Any CPU = Release|Any CPU
	EndGlobalSection
	GlobalSection(ProjectConfigurationPlatforms) = postSolution
		{4524FC9F-8028-48D3-B3C0-B991FE6AEC2B}.Debug|Any CPU.ActiveCfg = Debug|Any CPU
		{4524FC9F-8028-48D3-B3C0-B991FE6AEC2B}.Debug|Any CPU.Build.0 = Debug|Any CPU
		{4524FC9F-8028-48D3-B3C0-B991FE6AEC2B}.Release|Any CPU.ActiveCfg = Release|Any CPU
		{4524FC9F-8028-48D3-B3C0-B991FE6AEC2B}.Release|Any CPU.Build.0 = Release|Any CPU
	EndGlobalSection
	GlobalSection(SolutionProperties) = preSolution
		HideSolutionNode = FALSE
	EndGlobalSection
	GlobalSection(ExtensibilityGlobals) = postSolution
		SolutionGuid = {D9CFF6E9-08C9-4298-BCB6-78BC8E5F4ABD}
	EndGlobalSection
EndGlobal
